# This file is automatically @generated by Poetry 1.5.1 and should not be changed by hand.

[[package]]
name = "asgiref"
version = "3.7.2"
description = "ASGI specs, helper code, and adapters"
optional = false
python-versions = ">=3.7"
files = [
    {file = "asgiref-3.7.2-py3-none-any.whl", hash = "sha256:89b2ef2247e3b562a16eef663bc0e2e703ec6468e2fa8a5cd61cd449786d4f6e"},
    {file = "asgiref-3.7.2.tar.gz", hash = "sha256:9e0ce3aa93a819ba5b45120216b23878cf6e8525eb3848653452b4192b92afed"},
]

[package.dependencies]
typing-extensions = {version = ">=4", markers = "python_version < \"3.11\""}

[package.extras]
tests = ["mypy (>=0.800)", "pytest", "pytest-asyncio"]

[[package]]
name = "cfgv"
version = "3.3.1"
description = "Validate configuration and produce human readable error messages."
optional = false
python-versions = ">=3.6.1"
files = [
    {file = "cfgv-3.3.1-py2.py3-none-any.whl", hash = "sha256:c6a0883f3917a037485059700b9e75da2464e6c27051014ad85ba6aaa5884426"},
    {file = "cfgv-3.3.1.tar.gz", hash = "sha256:f5a830efb9ce7a445376bb66ec94c638a9787422f96264c98edc6bdeed8ab736"},
]

[[package]]
name = "distlib"
version = "0.3.7"
description = "Distribution utilities"
optional = false
python-versions = "*"
files = [
    {file = "distlib-0.3.7-py2.py3-none-any.whl", hash = "sha256:2e24928bc811348f0feb63014e97aaae3037f2cf48712d51ae61df7fd6075057"},
    {file = "distlib-0.3.7.tar.gz", hash = "sha256:9dafe54b34a028eafd95039d5e5d4851a13734540f1331060d31c9916e7147a8"},
]

[[package]]
name = "django"
version = "4.1"
description = "A high-level Python web framework that encourages rapid development and clean, pragmatic design."
optional = false
python-versions = ">=3.8"
files = [
    {file = "Django-4.1-py3-none-any.whl", hash = "sha256:031ccb717782f6af83a0063a1957686e87cb4581ea61b47b3e9addf60687989a"},
    {file = "Django-4.1.tar.gz", hash = "sha256:032f8a6fc7cf05ccd1214e4a2e21dfcd6a23b9d575c6573cacc8c67828dbe642"},
]

[package.dependencies]
asgiref = ">=3.5.2,<4"
sqlparse = ">=0.2.2"
tzdata = {version = "*", markers = "sys_platform == \"win32\""}

[package.extras]
argon2 = ["argon2-cffi (>=19.1.0)"]
bcrypt = ["bcrypt"]

[[package]]
name = "djangorestframework"
version = "3.14.0"
description = "Web APIs for Django, made easy."
optional = false
python-versions = ">=3.6"
files = [
    {file = "djangorestframework-3.14.0-py3-none-any.whl", hash = "sha256:eb63f58c9f218e1a7d064d17a70751f528ed4e1d35547fdade9aaf4cd103fd08"},
    {file = "djangorestframework-3.14.0.tar.gz", hash = "sha256:579a333e6256b09489cbe0a067e66abe55c6595d8926be6b99423786334350c8"},
]

[package.dependencies]
django = ">=3.0"
pytz = "*"

[[package]]
name = "filelock"
version = "3.12.2"
description = "A platform independent file lock."
optional = false
python-versions = ">=3.7"
files = [
    {file = "filelock-3.12.2-py3-none-any.whl", hash = "sha256:cbb791cdea2a72f23da6ac5b5269ab0a0d161e9ef0100e653b69049a7706d1ec"},
    {file = "filelock-3.12.2.tar.gz", hash = "sha256:002740518d8aa59a26b0c76e10fb8c6e15eae825d34b6fdf670333fd7b938d81"},
]

[package.extras]
docs = ["furo (>=2023.5.20)", "sphinx (>=7.0.1)", "sphinx-autodoc-typehints (>=1.23,!=1.23.4)"]
testing = ["covdefaults (>=2.3)", "coverage (>=7.2.7)", "diff-cover (>=7.5)", "pytest (>=7.3.1)", "pytest-cov (>=4.1)", "pytest-mock (>=3.10)", "pytest-timeout (>=2.1)"]

[[package]]
name = "flake8"
version = "6.1.0"
description = "the modular source code checker: pep8 pyflakes and co"
optional = false
python-versions = ">=3.8.1"
files = [
    {file = "flake8-6.1.0-py2.py3-none-any.whl", hash = "sha256:ffdfce58ea94c6580c77888a86506937f9a1a227dfcd15f245d694ae20a6b6e5"},
    {file = "flake8-6.1.0.tar.gz", hash = "sha256:d5b3857f07c030bdb5bf41c7f53799571d75c4491748a3adcd47de929e34cd23"},
]

[package.dependencies]
mccabe = ">=0.7.0,<0.8.0"
pycodestyle = ">=2.11.0,<2.12.0"
pyflakes = ">=3.1.0,<3.2.0"

[[package]]
name = "identify"
version = "2.5.26"
description = "File identification library for Python"
optional = false
python-versions = ">=3.8"
files = [
    {file = "identify-2.5.26-py2.py3-none-any.whl", hash = "sha256:c22a8ead0d4ca11f1edd6c9418c3220669b3b7533ada0a0ffa6cc0ef85cf9b54"},
    {file = "identify-2.5.26.tar.gz", hash = "sha256:7243800bce2f58404ed41b7c002e53d4d22bcf3ae1b7900c2d7aefd95394bf7f"},
]

[package.extras]
license = ["ukkonen"]

[[package]]
name = "mccabe"
version = "0.7.0"
description = "McCabe checker, plugin for flake8"
optional = false
python-versions = ">=3.6"
files = [
    {file = "mccabe-0.7.0-py2.py3-none-any.whl", hash = "sha256:6c2d30ab6be0e4a46919781807b4f0d834ebdd6c6e3dca0bda5a15f863427b6e"},
    {file = "mccabe-0.7.0.tar.gz", hash = "sha256:348e0240c33b60bbdf4e523192ef919f28cb2c3d7d5c7794f74009290f236325"},
]

[[package]]
name = "nodeenv"
version = "1.8.0"
description = "Node.js virtual environment builder"
optional = false
python-versions = ">=2.7,!=3.0.*,!=3.1.*,!=3.2.*,!=3.3.*,!=3.4.*,!=3.5.*,!=3.6.*"
files = [
    {file = "nodeenv-1.8.0-py2.py3-none-any.whl", hash = "sha256:df865724bb3c3adc86b3876fa209771517b0cfe596beff01a92700e0e8be4cec"},
    {file = "nodeenv-1.8.0.tar.gz", hash = "sha256:d51e0c37e64fbf47d017feac3145cdbb58836d7eee8c6f6d3b6880c5456227d2"},
]

[package.dependencies]
setuptools = "*"

[[package]]
name = "platformdirs"
version = "3.10.0"
description = "A small Python package for determining appropriate platform-specific dirs, e.g. a \"user data dir\"."
optional = false
python-versions = ">=3.7"
files = [
    {file = "platformdirs-3.10.0-py3-none-any.whl", hash = "sha256:d7c24979f292f916dc9cbf8648319032f551ea8c49a4c9bf2fb556a02070ec1d"},
    {file = "platformdirs-3.10.0.tar.gz", hash = "sha256:b45696dab2d7cc691a3226759c0d3b00c47c8b6e293d96f6436f733303f77f6d"},
]

[package.extras]
docs = ["furo (>=2023.7.26)", "proselint (>=0.13)", "sphinx (>=7.1.1)", "sphinx-autodoc-typehints (>=1.24)"]
test = ["appdirs (==1.4.4)", "covdefaults (>=2.3)", "pytest (>=7.4)", "pytest-cov (>=4.1)", "pytest-mock (>=3.11.1)"]

[[package]]
name = "pre-commit"
version = "3.3.3"
description = "A framework for managing and maintaining multi-language pre-commit hooks."
optional = false
python-versions = ">=3.8"
files = [
    {file = "pre_commit-3.3.3-py2.py3-none-any.whl", hash = "sha256:10badb65d6a38caff29703362271d7dca483d01da88f9d7e05d0b97171c136cb"},
    {file = "pre_commit-3.3.3.tar.gz", hash = "sha256:a2256f489cd913d575c145132ae196fe335da32d91a8294b7afe6622335dd023"},
]

[package.dependencies]
cfgv = ">=2.0.0"
identify = ">=1.0.0"
nodeenv = ">=0.11.1"
pyyaml = ">=5.1"
virtualenv = ">=20.10.0"

[[package]]
name = "psycopg2-binary"
version = "2.9.6"
description = "psycopg2 - Python-PostgreSQL Database Adapter"
optional = false
python-versions = ">=3.6"
files = [
    {file = "psycopg2-binary-2.9.6.tar.gz", hash = "sha256:1f64dcfb8f6e0c014c7f55e51c9759f024f70ea572fbdef123f85318c297947c"},
    {file = "psycopg2_binary-2.9.6-cp310-cp310-macosx_10_9_x86_64.whl", hash = "sha256:d26e0342183c762de3276cca7a530d574d4e25121ca7d6e4a98e4f05cb8e4df7"},
    {file = "psycopg2_binary-2.9.6-cp310-cp310-macosx_11_0_arm64.whl", hash = "sha256:c48d8f2db17f27d41fb0e2ecd703ea41984ee19362cbce52c097963b3a1b4365"},
    {file = "psycopg2_binary-2.9.6-cp310-cp310-manylinux_2_17_aarch64.manylinux2014_aarch64.whl", hash = "sha256:ffe9dc0a884a8848075e576c1de0290d85a533a9f6e9c4e564f19adf8f6e54a7"},
    {file = "psycopg2_binary-2.9.6-cp310-cp310-manylinux_2_17_i686.manylinux2014_i686.whl", hash = "sha256:8a76e027f87753f9bd1ab5f7c9cb8c7628d1077ef927f5e2446477153a602f2c"},
    {file = "psycopg2_binary-2.9.6-cp310-cp310-manylinux_2_17_ppc64le.manylinux2014_ppc64le.whl", hash = "sha256:6460c7a99fc939b849431f1e73e013d54aa54293f30f1109019c56a0b2b2ec2f"},
    {file = "psycopg2_binary-2.9.6-cp310-cp310-manylinux_2_17_x86_64.manylinux2014_x86_64.whl", hash = "sha256:ae102a98c547ee2288637af07393dd33f440c25e5cd79556b04e3fca13325e5f"},
    {file = "psycopg2_binary-2.9.6-cp310-cp310-musllinux_1_1_aarch64.whl", hash = "sha256:9972aad21f965599ed0106f65334230ce826e5ae69fda7cbd688d24fa922415e"},
    {file = "psycopg2_binary-2.9.6-cp310-cp310-musllinux_1_1_i686.whl", hash = "sha256:7a40c00dbe17c0af5bdd55aafd6ff6679f94a9be9513a4c7e071baf3d7d22a70"},
    {file = "psycopg2_binary-2.9.6-cp310-cp310-musllinux_1_1_ppc64le.whl", hash = "sha256:cacbdc5839bdff804dfebc058fe25684cae322987f7a38b0168bc1b2df703fb1"},
    {file = "psycopg2_binary-2.9.6-cp310-cp310-musllinux_1_1_x86_64.whl", hash = "sha256:7f0438fa20fb6c7e202863e0d5ab02c246d35efb1d164e052f2f3bfe2b152bd0"},
    {file = "psycopg2_binary-2.9.6-cp310-cp310-win32.whl", hash = "sha256:b6c8288bb8a84b47e07013bb4850f50538aa913d487579e1921724631d02ea1b"},
    {file = "psycopg2_binary-2.9.6-cp310-cp310-win_amd64.whl", hash = "sha256:61b047a0537bbc3afae10f134dc6393823882eb263088c271331602b672e52e9"},
    {file = "psycopg2_binary-2.9.6-cp311-cp311-macosx_10_9_x86_64.whl", hash = "sha256:964b4dfb7c1c1965ac4c1978b0f755cc4bd698e8aa2b7667c575fb5f04ebe06b"},
    {file = "psycopg2_binary-2.9.6-cp311-cp311-macosx_11_0_arm64.whl", hash = "sha256:afe64e9b8ea66866a771996f6ff14447e8082ea26e675a295ad3bdbffdd72afb"},
    {file = "psycopg2_binary-2.9.6-cp311-cp311-manylinux_2_17_aarch64.manylinux2014_aarch64.whl", hash = "sha256:15e2ee79e7cf29582ef770de7dab3d286431b01c3bb598f8e05e09601b890081"},
    {file = "psycopg2_binary-2.9.6-cp311-cp311-manylinux_2_17_i686.manylinux2014_i686.whl", hash = "sha256:dfa74c903a3c1f0d9b1c7e7b53ed2d929a4910e272add6700c38f365a6002820"},
    {file = "psycopg2_binary-2.9.6-cp311-cp311-manylinux_2_17_ppc64le.manylinux2014_ppc64le.whl", hash = "sha256:b83456c2d4979e08ff56180a76429263ea254c3f6552cd14ada95cff1dec9bb8"},
    {file = "psycopg2_binary-2.9.6-cp311-cp311-manylinux_2_17_x86_64.manylinux2014_x86_64.whl", hash = "sha256:0645376d399bfd64da57148694d78e1f431b1e1ee1054872a5713125681cf1be"},
    {file = "psycopg2_binary-2.9.6-cp311-cp311-musllinux_1_1_aarch64.whl", hash = "sha256:e99e34c82309dd78959ba3c1590975b5d3c862d6f279f843d47d26ff89d7d7e1"},
    {file = "psycopg2_binary-2.9.6-cp311-cp311-musllinux_1_1_i686.whl", hash = "sha256:4ea29fc3ad9d91162c52b578f211ff1c931d8a38e1f58e684c45aa470adf19e2"},
    {file = "psycopg2_binary-2.9.6-cp311-cp311-musllinux_1_1_ppc64le.whl", hash = "sha256:4ac30da8b4f57187dbf449294d23b808f8f53cad6b1fc3623fa8a6c11d176dd0"},
    {file = "psycopg2_binary-2.9.6-cp311-cp311-musllinux_1_1_x86_64.whl", hash = "sha256:e78e6e2a00c223e164c417628572a90093c031ed724492c763721c2e0bc2a8df"},
    {file = "psycopg2_binary-2.9.6-cp311-cp311-win32.whl", hash = "sha256:1876843d8e31c89c399e31b97d4b9725a3575bb9c2af92038464231ec40f9edb"},
    {file = "psycopg2_binary-2.9.6-cp311-cp311-win_amd64.whl", hash = "sha256:b4b24f75d16a89cc6b4cdff0eb6a910a966ecd476d1e73f7ce5985ff1328e9a6"},
    {file = "psycopg2_binary-2.9.6-cp36-cp36m-win32.whl", hash = "sha256:498807b927ca2510baea1b05cc91d7da4718a0f53cb766c154c417a39f1820a0"},
    {file = "psycopg2_binary-2.9.6-cp36-cp36m-win_amd64.whl", hash = "sha256:0d236c2825fa656a2d98bbb0e52370a2e852e5a0ec45fc4f402977313329174d"},
    {file = "psycopg2_binary-2.9.6-cp37-cp37m-macosx_10_9_x86_64.whl", hash = "sha256:34b9ccdf210cbbb1303c7c4db2905fa0319391bd5904d32689e6dd5c963d2ea8"},
    {file = "psycopg2_binary-2.9.6-cp37-cp37m-manylinux_2_17_aarch64.manylinux2014_aarch64.whl", hash = "sha256:84d2222e61f313c4848ff05353653bf5f5cf6ce34df540e4274516880d9c3763"},
    {file = "psycopg2_binary-2.9.6-cp37-cp37m-manylinux_2_17_i686.manylinux2014_i686.whl", hash = "sha256:30637a20623e2a2eacc420059be11527f4458ef54352d870b8181a4c3020ae6b"},
    {file = "psycopg2_binary-2.9.6-cp37-cp37m-manylinux_2_17_ppc64le.manylinux2014_ppc64le.whl", hash = "sha256:8122cfc7cae0da9a3077216528b8bb3629c43b25053284cc868744bfe71eb141"},
    {file = "psycopg2_binary-2.9.6-cp37-cp37m-manylinux_2_17_x86_64.manylinux2014_x86_64.whl", hash = "sha256:38601cbbfe600362c43714482f43b7c110b20cb0f8172422c616b09b85a750c5"},
    {file = "psycopg2_binary-2.9.6-cp37-cp37m-musllinux_1_1_aarch64.whl", hash = "sha256:c7e62ab8b332147a7593a385d4f368874d5fe4ad4e341770d4983442d89603e3"},
    {file = "psycopg2_binary-2.9.6-cp37-cp37m-musllinux_1_1_i686.whl", hash = "sha256:2ab652e729ff4ad76d400df2624d223d6e265ef81bb8aa17fbd63607878ecbee"},
    {file = "psycopg2_binary-2.9.6-cp37-cp37m-musllinux_1_1_ppc64le.whl", hash = "sha256:c83a74b68270028dc8ee74d38ecfaf9c90eed23c8959fca95bd703d25b82c88e"},
    {file = "psycopg2_binary-2.9.6-cp37-cp37m-musllinux_1_1_x86_64.whl", hash = "sha256:d4e6036decf4b72d6425d5b29bbd3e8f0ff1059cda7ac7b96d6ac5ed34ffbacd"},
    {file = "psycopg2_binary-2.9.6-cp37-cp37m-win32.whl", hash = "sha256:a8c28fd40a4226b4a84bdf2d2b5b37d2c7bd49486b5adcc200e8c7ec991dfa7e"},
    {file = "psycopg2_binary-2.9.6-cp37-cp37m-win_amd64.whl", hash = "sha256:51537e3d299be0db9137b321dfb6a5022caaab275775680e0c3d281feefaca6b"},
    {file = "psycopg2_binary-2.9.6-cp38-cp38-macosx_10_9_x86_64.whl", hash = "sha256:cf4499e0a83b7b7edcb8dabecbd8501d0d3a5ef66457200f77bde3d210d5debb"},
    {file = "psycopg2_binary-2.9.6-cp38-cp38-macosx_11_0_arm64.whl", hash = "sha256:7e13a5a2c01151f1208d5207e42f33ba86d561b7a89fca67c700b9486a06d0e2"},
    {file = "psycopg2_binary-2.9.6-cp38-cp38-manylinux_2_17_aarch64.manylinux2014_aarch64.whl", hash = "sha256:0e0f754d27fddcfd74006455b6e04e6705d6c31a612ec69ddc040a5468e44b4e"},
    {file = "psycopg2_binary-2.9.6-cp38-cp38-manylinux_2_17_i686.manylinux2014_i686.whl", hash = "sha256:d57c3fd55d9058645d26ae37d76e61156a27722097229d32a9e73ed54819982a"},
    {file = "psycopg2_binary-2.9.6-cp38-cp38-manylinux_2_17_ppc64le.manylinux2014_ppc64le.whl", hash = "sha256:71f14375d6f73b62800530b581aed3ada394039877818b2d5f7fc77e3bb6894d"},
    {file = "psycopg2_binary-2.9.6-cp38-cp38-manylinux_2_17_x86_64.manylinux2014_x86_64.whl", hash = "sha256:441cc2f8869a4f0f4bb408475e5ae0ee1f3b55b33f350406150277f7f35384fc"},
    {file = "psycopg2_binary-2.9.6-cp38-cp38-musllinux_1_1_aarch64.whl", hash = "sha256:65bee1e49fa6f9cf327ce0e01c4c10f39165ee76d35c846ade7cb0ec6683e303"},
    {file = "psycopg2_binary-2.9.6-cp38-cp38-musllinux_1_1_i686.whl", hash = "sha256:af335bac6b666cc6aea16f11d486c3b794029d9df029967f9938a4bed59b6a19"},
    {file = "psycopg2_binary-2.9.6-cp38-cp38-musllinux_1_1_ppc64le.whl", hash = "sha256:cfec476887aa231b8548ece2e06d28edc87c1397ebd83922299af2e051cf2827"},
    {file = "psycopg2_binary-2.9.6-cp38-cp38-musllinux_1_1_x86_64.whl", hash = "sha256:65c07febd1936d63bfde78948b76cd4c2a411572a44ac50719ead41947d0f26b"},
    {file = "psycopg2_binary-2.9.6-cp38-cp38-win32.whl", hash = "sha256:4dfb4be774c4436a4526d0c554af0cc2e02082c38303852a36f6456ece7b3503"},
    {file = "psycopg2_binary-2.9.6-cp38-cp38-win_amd64.whl", hash = "sha256:02c6e3cf3439e213e4ee930308dc122d6fb4d4bea9aef4a12535fbd605d1a2fe"},
    {file = "psycopg2_binary-2.9.6-cp39-cp39-macosx_10_9_x86_64.whl", hash = "sha256:e9182eb20f41417ea1dd8e8f7888c4d7c6e805f8a7c98c1081778a3da2bee3e4"},
    {file = "psycopg2_binary-2.9.6-cp39-cp39-macosx_11_0_arm64.whl", hash = "sha256:8a6979cf527e2603d349a91060f428bcb135aea2be3201dff794813256c274f1"},
    {file = "psycopg2_binary-2.9.6-cp39-cp39-manylinux_2_17_aarch64.manylinux2014_aarch64.whl", hash = "sha256:8338a271cb71d8da40b023a35d9c1e919eba6cbd8fa20a54b748a332c355d896"},
    {file = "psycopg2_binary-2.9.6-cp39-cp39-manylinux_2_17_i686.manylinux2014_i686.whl", hash = "sha256:e3ed340d2b858d6e6fb5083f87c09996506af483227735de6964a6100b4e6a54"},
    {file = "psycopg2_binary-2.9.6-cp39-cp39-manylinux_2_17_ppc64le.manylinux2014_ppc64le.whl", hash = "sha256:f81e65376e52f03422e1fb475c9514185669943798ed019ac50410fb4c4df232"},
    {file = "psycopg2_binary-2.9.6-cp39-cp39-manylinux_2_17_x86_64.manylinux2014_x86_64.whl", hash = "sha256:bfb13af3c5dd3a9588000910178de17010ebcccd37b4f9794b00595e3a8ddad3"},
    {file = "psycopg2_binary-2.9.6-cp39-cp39-musllinux_1_1_aarch64.whl", hash = "sha256:4c727b597c6444a16e9119386b59388f8a424223302d0c06c676ec8b4bc1f963"},
    {file = "psycopg2_binary-2.9.6-cp39-cp39-musllinux_1_1_i686.whl", hash = "sha256:4d67fbdaf177da06374473ef6f7ed8cc0a9dc640b01abfe9e8a2ccb1b1402c1f"},
    {file = "psycopg2_binary-2.9.6-cp39-cp39-musllinux_1_1_ppc64le.whl", hash = "sha256:0892ef645c2fabb0c75ec32d79f4252542d0caec1d5d949630e7d242ca4681a3"},
    {file = "psycopg2_binary-2.9.6-cp39-cp39-musllinux_1_1_x86_64.whl", hash = "sha256:02c0f3757a4300cf379eb49f543fb7ac527fb00144d39246ee40e1df684ab514"},
    {file = "psycopg2_binary-2.9.6-cp39-cp39-win32.whl", hash = "sha256:c3dba7dab16709a33a847e5cd756767271697041fbe3fe97c215b1fc1f5c9848"},
    {file = "psycopg2_binary-2.9.6-cp39-cp39-win_amd64.whl", hash = "sha256:f6a88f384335bb27812293fdb11ac6aee2ca3f51d3c7820fe03de0a304ab6249"},
]

[[package]]
name = "pycodestyle"
version = "2.11.0"
description = "Python style guide checker"
optional = false
python-versions = ">=3.8"
files = [
    {file = "pycodestyle-2.11.0-py2.py3-none-any.whl", hash = "sha256:5d1013ba8dc7895b548be5afb05740ca82454fd899971563d2ef625d090326f8"},
    {file = "pycodestyle-2.11.0.tar.gz", hash = "sha256:259bcc17857d8a8b3b4a2327324b79e5f020a13c16074670f9c8c8f872ea76d0"},
]

[[package]]
name = "pyflakes"
version = "3.1.0"
description = "passive checker of Python programs"
optional = false
python-versions = ">=3.8"
files = [
    {file = "pyflakes-3.1.0-py2.py3-none-any.whl", hash = "sha256:4132f6d49cb4dae6819e5379898f2b8cce3c5f23994194c24b77d5da2e36f774"},
    {file = "pyflakes-3.1.0.tar.gz", hash = "sha256:a0aae034c444db0071aa077972ba4768d40c830d9539fd45bf4cd3f8f6992efc"},
]

[[package]]
name = "pytz"
version = "2023.3"
description = "World timezone definitions, modern and historical"
optional = false
python-versions = "*"
files = [
    {file = "pytz-2023.3-py2.py3-none-any.whl", hash = "sha256:a151b3abb88eda1d4e34a9814df37de2a80e301e68ba0fd856fb9b46bfbbbffb"},
    {file = "pytz-2023.3.tar.gz", hash = "sha256:1d8ce29db189191fb55338ee6d0387d82ab59f3d00eac103412d64e0ebd0c588"},
]

[[package]]
name = "pyyaml"
version = "6.0.1"
description = "YAML parser and emitter for Python"
optional = false
python-versions = ">=3.6"
files = [
    {file = "PyYAML-6.0.1-cp310-cp310-macosx_10_9_x86_64.whl", hash = "sha256:d858aa552c999bc8a8d57426ed01e40bef403cd8ccdd0fc5f6f04a00414cac2a"},
    {file = "PyYAML-6.0.1-cp310-cp310-macosx_11_0_arm64.whl", hash = "sha256:fd66fc5d0da6d9815ba2cebeb4205f95818ff4b79c3ebe268e75d961704af52f"},
    {file = "PyYAML-6.0.1-cp310-cp310-manylinux_2_17_aarch64.manylinux2014_aarch64.whl", hash = "sha256:69b023b2b4daa7548bcfbd4aa3da05b3a74b772db9e23b982788168117739938"},
    {file = "PyYAML-6.0.1-cp310-cp310-manylinux_2_17_s390x.manylinux2014_s390x.whl", hash = "sha256:81e0b275a9ecc9c0c0c07b4b90ba548307583c125f54d5b6946cfee6360c733d"},
    {file = "PyYAML-6.0.1-cp310-cp310-manylinux_2_17_x86_64.manylinux2014_x86_64.whl", hash = "sha256:ba336e390cd8e4d1739f42dfe9bb83a3cc2e80f567d8805e11b46f4a943f5515"},
    {file = "PyYAML-6.0.1-cp310-cp310-win32.whl", hash = "sha256:bd4af7373a854424dabd882decdc5579653d7868b8fb26dc7d0e99f823aa5924"},
    {file = "PyYAML-6.0.1-cp310-cp310-win_amd64.whl", hash = "sha256:fd1592b3fdf65fff2ad0004b5e363300ef59ced41c2e6b3a99d4089fa8c5435d"},
    {file = "PyYAML-6.0.1-cp311-cp311-macosx_10_9_x86_64.whl", hash = "sha256:6965a7bc3cf88e5a1c3bd2e0b5c22f8d677dc88a455344035f03399034eb3007"},
    {file = "PyYAML-6.0.1-cp311-cp311-macosx_11_0_arm64.whl", hash = "sha256:f003ed9ad21d6a4713f0a9b5a7a0a79e08dd0f221aff4525a2be4c346ee60aab"},
    {file = "PyYAML-6.0.1-cp311-cp311-manylinux_2_17_aarch64.manylinux2014_aarch64.whl", hash = "sha256:42f8152b8dbc4fe7d96729ec2b99c7097d656dc1213a3229ca5383f973a5ed6d"},
    {file = "PyYAML-6.0.1-cp311-cp311-manylinux_2_17_s390x.manylinux2014_s390x.whl", hash = "sha256:062582fca9fabdd2c8b54a3ef1c978d786e0f6b3a1510e0ac93ef59e0ddae2bc"},
    {file = "PyYAML-6.0.1-cp311-cp311-manylinux_2_17_x86_64.manylinux2014_x86_64.whl", hash = "sha256:d2b04aac4d386b172d5b9692e2d2da8de7bfb6c387fa4f801fbf6fb2e6ba4673"},
    {file = "PyYAML-6.0.1-cp311-cp311-win32.whl", hash = "sha256:1635fd110e8d85d55237ab316b5b011de701ea0f29d07611174a1b42f1444741"},
    {file = "PyYAML-6.0.1-cp311-cp311-win_amd64.whl", hash = "sha256:bf07ee2fef7014951eeb99f56f39c9bb4af143d8aa3c21b1677805985307da34"},
    {file = "PyYAML-6.0.1-cp36-cp36m-macosx_10_9_x86_64.whl", hash = "sha256:50550eb667afee136e9a77d6dc71ae76a44df8b3e51e41b77f6de2932bfe0f47"},
    {file = "PyYAML-6.0.1-cp36-cp36m-manylinux_2_17_aarch64.manylinux2014_aarch64.whl", hash = "sha256:1fe35611261b29bd1de0070f0b2f47cb6ff71fa6595c077e42bd0c419fa27b98"},
    {file = "PyYAML-6.0.1-cp36-cp36m-manylinux_2_17_s390x.manylinux2014_s390x.whl", hash = "sha256:704219a11b772aea0d8ecd7058d0082713c3562b4e271b849ad7dc4a5c90c13c"},
    {file = "PyYAML-6.0.1-cp36-cp36m-manylinux_2_17_x86_64.manylinux2014_x86_64.whl", hash = "sha256:afd7e57eddb1a54f0f1a974bc4391af8bcce0b444685d936840f125cf046d5bd"},
    {file = "PyYAML-6.0.1-cp36-cp36m-win32.whl", hash = "sha256:fca0e3a251908a499833aa292323f32437106001d436eca0e6e7833256674585"},
    {file = "PyYAML-6.0.1-cp36-cp36m-win_amd64.whl", hash = "sha256:f22ac1c3cac4dbc50079e965eba2c1058622631e526bd9afd45fedd49ba781fa"},
    {file = "PyYAML-6.0.1-cp37-cp37m-macosx_10_9_x86_64.whl", hash = "sha256:b1275ad35a5d18c62a7220633c913e1b42d44b46ee12554e5fd39c70a243d6a3"},
    {file = "PyYAML-6.0.1-cp37-cp37m-manylinux_2_17_aarch64.manylinux2014_aarch64.whl", hash = "sha256:18aeb1bf9a78867dc38b259769503436b7c72f7a1f1f4c93ff9a17de54319b27"},
    {file = "PyYAML-6.0.1-cp37-cp37m-manylinux_2_17_s390x.manylinux2014_s390x.whl", hash = "sha256:596106435fa6ad000c2991a98fa58eeb8656ef2325d7e158344fb33864ed87e3"},
    {file = "PyYAML-6.0.1-cp37-cp37m-manylinux_2_17_x86_64.manylinux2014_x86_64.whl", hash = "sha256:baa90d3f661d43131ca170712d903e6295d1f7a0f595074f151c0aed377c9b9c"},
    {file = "PyYAML-6.0.1-cp37-cp37m-win32.whl", hash = "sha256:9046c58c4395dff28dd494285c82ba00b546adfc7ef001486fbf0324bc174fba"},
    {file = "PyYAML-6.0.1-cp37-cp37m-win_amd64.whl", hash = "sha256:4fb147e7a67ef577a588a0e2c17b6db51dda102c71de36f8549b6816a96e1867"},
    {file = "PyYAML-6.0.1-cp38-cp38-macosx_10_9_x86_64.whl", hash = "sha256:1d4c7e777c441b20e32f52bd377e0c409713e8bb1386e1099c2415f26e479595"},
    {file = "PyYAML-6.0.1-cp38-cp38-manylinux_2_17_aarch64.manylinux2014_aarch64.whl", hash = "sha256:a0cd17c15d3bb3fa06978b4e8958dcdc6e0174ccea823003a106c7d4d7899ac5"},
    {file = "PyYAML-6.0.1-cp38-cp38-manylinux_2_17_s390x.manylinux2014_s390x.whl", hash = "sha256:28c119d996beec18c05208a8bd78cbe4007878c6dd15091efb73a30e90539696"},
    {file = "PyYAML-6.0.1-cp38-cp38-manylinux_2_17_x86_64.manylinux2014_x86_64.whl", hash = "sha256:7e07cbde391ba96ab58e532ff4803f79c4129397514e1413a7dc761ccd755735"},
    {file = "PyYAML-6.0.1-cp38-cp38-win32.whl", hash = "sha256:184c5108a2aca3c5b3d3bf9395d50893a7ab82a38004c8f61c258d4428e80206"},
    {file = "PyYAML-6.0.1-cp38-cp38-win_amd64.whl", hash = "sha256:1e2722cc9fbb45d9b87631ac70924c11d3a401b2d7f410cc0e3bbf249f2dca62"},
    {file = "PyYAML-6.0.1-cp39-cp39-macosx_10_9_x86_64.whl", hash = "sha256:9eb6caa9a297fc2c2fb8862bc5370d0303ddba53ba97e71f08023b6cd73d16a8"},
    {file = "PyYAML-6.0.1-cp39-cp39-macosx_11_0_arm64.whl", hash = "sha256:c8098ddcc2a85b61647b2590f825f3db38891662cfc2fc776415143f599bb859"},
    {file = "PyYAML-6.0.1-cp39-cp39-manylinux_2_17_aarch64.manylinux2014_aarch64.whl", hash = "sha256:5773183b6446b2c99bb77e77595dd486303b4faab2b086e7b17bc6bef28865f6"},
    {file = "PyYAML-6.0.1-cp39-cp39-manylinux_2_17_s390x.manylinux2014_s390x.whl", hash = "sha256:b786eecbdf8499b9ca1d697215862083bd6d2a99965554781d0d8d1ad31e13a0"},
    {file = "PyYAML-6.0.1-cp39-cp39-manylinux_2_17_x86_64.manylinux2014_x86_64.whl", hash = "sha256:bc1bf2925a1ecd43da378f4db9e4f799775d6367bdb94671027b73b393a7c42c"},
    {file = "PyYAML-6.0.1-cp39-cp39-win32.whl", hash = "sha256:faca3bdcf85b2fc05d06ff3fbc1f83e1391b3e724afa3feba7d13eeab355484c"},
    {file = "PyYAML-6.0.1-cp39-cp39-win_amd64.whl", hash = "sha256:510c9deebc5c0225e8c96813043e62b680ba2f9c50a08d3724c7f28a747d1486"},
    {file = "PyYAML-6.0.1.tar.gz", hash = "sha256:bfdf460b1736c775f2ba9f6a92bca30bc2095067b8a9d77876d1fad6cc3b4a43"},
]

[[package]]
name = "setuptools"
version = "68.0.0"
description = "Easily download, build, install, upgrade, and uninstall Python packages"
optional = false
python-versions = ">=3.7"
files = [
    {file = "setuptools-68.0.0-py3-none-any.whl", hash = "sha256:11e52c67415a381d10d6b462ced9cfb97066179f0e871399e006c4ab101fc85f"},
    {file = "setuptools-68.0.0.tar.gz", hash = "sha256:baf1fdb41c6da4cd2eae722e135500da913332ab3f2f5c7d33af9b492acb5235"},
]

[package.extras]
docs = ["furo", "jaraco.packaging (>=9)", "jaraco.tidelift (>=1.4)", "pygments-github-lexers (==0.0.5)", "rst.linker (>=1.9)", "sphinx (>=3.5)", "sphinx-favicon", "sphinx-hoverxref (<2)", "sphinx-inline-tabs", "sphinx-lint", "sphinx-notfound-page (==0.8.3)", "sphinx-reredirects", "sphinxcontrib-towncrier"]
testing = ["build[virtualenv]", "filelock (>=3.4.0)", "flake8-2020", "ini2toml[lite] (>=0.9)", "jaraco.envs (>=2.2)", "jaraco.path (>=3.2.0)", "pip (>=19.1)", "pip-run (>=8.8)", "pytest (>=6)", "pytest-black (>=0.3.7)", "pytest-checkdocs (>=2.4)", "pytest-cov", "pytest-enabler (>=1.3)", "pytest-mypy (>=0.9.1)", "pytest-perf", "pytest-ruff", "pytest-timeout", "pytest-xdist", "tomli-w (>=1.0.0)", "virtualenv (>=13.0.0)", "wheel"]
testing-integration = ["build[virtualenv]", "filelock (>=3.4.0)", "jaraco.envs (>=2.2)", "jaraco.path (>=3.2.0)", "pytest", "pytest-enabler", "pytest-xdist", "tomli", "virtualenv (>=13.0.0)", "wheel"]

[[package]]
name = "sqlparse"
version = "0.4.4"
description = "A non-validating SQL parser."
optional = false
python-versions = ">=3.5"
files = [
    {file = "sqlparse-0.4.4-py3-none-any.whl", hash = "sha256:5430a4fe2ac7d0f93e66f1efc6e1338a41884b7ddf2a350cedd20ccc4d9d28f3"},
    {file = "sqlparse-0.4.4.tar.gz", hash = "sha256:d446183e84b8349fa3061f0fe7f06ca94ba65b426946ffebe6e3e8295332420c"},
]

[package.extras]
dev = ["build", "flake8"]
doc = ["sphinx"]
test = ["pytest", "pytest-cov"]

[[package]]
name = "typing-extensions"
version = "4.7.1"
description = "Backported and Experimental Type Hints for Python 3.7+"
optional = false
python-versions = ">=3.7"
files = [
    {file = "typing_extensions-4.7.1-py3-none-any.whl", hash = "sha256:440d5dd3af93b060174bf433bccd69b0babc3b15b1a8dca43789fd7f61514b36"},
    {file = "typing_extensions-4.7.1.tar.gz", hash = "sha256:b75ddc264f0ba5615db7ba217daeb99701ad295353c45f9e95963337ceeeffb2"},
]

[[package]]
name = "tzdata"
version = "2023.3"
description = "Provider of IANA time zone data"
optional = false
python-versions = ">=2"
files = [
    {file = "tzdata-2023.3-py2.py3-none-any.whl", hash = "sha256:7e65763eef3120314099b6939b5546db7adce1e7d6f2e179e3df563c70511eda"},
    {file = "tzdata-2023.3.tar.gz", hash = "sha256:11ef1e08e54acb0d4f95bdb1be05da659673de4acbd21bf9c69e94cc5e907a3a"},
]

[[package]]
name = "virtualenv"
version = "20.24.2"
description = "Virtual Python Environment builder"
optional = false
python-versions = ">=3.7"
files = [
    {file = "virtualenv-20.24.2-py3-none-any.whl", hash = "sha256:43a3052be36080548bdee0b42919c88072037d50d56c28bd3f853cbe92b953ff"},
    {file = "virtualenv-20.24.2.tar.gz", hash = "sha256:fd8a78f46f6b99a67b7ec5cf73f92357891a7b3a40fd97637c27f854aae3b9e0"},
]

[package.dependencies]
distlib = ">=0.3.7,<1"
filelock = ">=3.12.2,<4"
platformdirs = ">=3.9.1,<4"

[package.extras]
docs = ["furo (>=2023.5.20)", "proselint (>=0.13)", "sphinx (>=7.0.1)", "sphinx-argparse (>=0.4)", "sphinxcontrib-towncrier (>=0.2.1a0)", "towncrier (>=23.6)"]
test = ["covdefaults (>=2.3)", "coverage (>=7.2.7)", "coverage-enable-subprocess (>=1)", "flaky (>=3.7)", "packaging (>=23.1)", "pytest (>=7.4)", "pytest-env (>=0.8.2)", "pytest-freezer (>=0.4.8)", "pytest-mock (>=3.11.1)", "pytest-randomly (>=3.12)", "pytest-timeout (>=2.1)", "setuptools (>=68)", "time-machine (>=2.10)"]

[metadata]
lock-version = "2.0"
python-versions = "^3.9"
content-hash = "118743a1f7c7e07de9a2f9c983fd9942c8acc59fe0fafa29f988ef0399eb716b"
